{
  "name": "pokemonbattlesimulator",
  "version": "1.0.0",
  "lockfileVersion": 1,
  "requires": true,
  "dependencies": {
    "fs": {
      "version": "0.0.1-security",
      "resolved": "https://registry.npmjs.org/fs/-/fs-0.0.1-security.tgz",
      "integrity": "sha1-invTcYa23d84E/I4WLV+yq9eQdQ="
    },
    "gifler": {
      "version": "0.1.0",
      "resolved": "https://registry.npmjs.org/gifler/-/gifler-0.1.0.tgz",
      "integrity": "sha1-s+y9ph43wnA6h87PQVI5sUdqsb8=",
      "requires": {
        "omggif": "1.0.x"
      }
    },
    "omggif": {
      "version": "1.0.10",
      "resolved": "https://registry.npmjs.org/omggif/-/omggif-1.0.10.tgz",
      "integrity": "sha512-LMJTtvgc/nugXj0Vcrrs68Mn2D1r0zf630VNtqtpI1FEO7e+O9FP4gqs9AcnBaSEeoHIPm28u6qgPR0oyEpGSw=="
    }
  }
}
